PODS:
  - Flutter (1.0.0)
  - flutter_splash_screen (0.0.1):
    - Flutter

DEPENDENCIES:
  - Flutter (from `Flutter`)
  - flutter_splash_screen (from `.symlinks/plugins/flutter_splash_screen/ios`)

EXTERNAL SOURCES:
  Flutter:
    :path: Flutter
  flutter_splash_screen:
    :path: ".symlinks/plugins/flutter_splash_screen/ios"

SPEC CHECKSUMS:
  Flutter: e0871f40cf51350855a761d2e70bf5af5b9b5de7
  flutter_splash_screen: 0323a1080aa7853a0f0af4491dc29d034be61746

PODFILE CHECKSUM: e777e876d0a794e392a85033f01765ae184a297b

COCOAPODS: 1.15.2
